{
  "version": 4,
  "terraform_version": "1.5.5",
  "serial": 199,
  "lineage": "ed65ff33-0e30-3f07-e084-ba21f4936c44",
  "outputs": {},
  "resources": [
    {
      "mode": "data",
      "type": "vkcs_compute_flavor",
      "name": "compute",
      "provider": "provider[\"registry.terraform.io/vk-cs/vkcs\"]",
      "instances": [
        {
          "schema_version": 0,
          "attributes": {
            "disk": 10,
            "extra_specs": {
              "agg_common": "true",
              "hw:cpu_sockets": "1",
              "mcs:cpu_type": "standard"
            },
            "flavor_id": "df3c499a-044f-41d2-8612-d303adc613cc",
            "id": "df3c499a-044f-41d2-8612-d303adc613cc",
            "is_public": true,
            "min_disk": null,
            "min_ram": null,
            "name": "Basic-1-1-10",
            "ram": 1024,
            "region": null,
            "rx_tx_factor": 1,
            "swap": 0,
            "vcpus": 1
          },
          "sensitive_attributes": []
        }
      ]
    },
    {
      "mode": "data",
      "type": "vkcs_images_image",
      "name": "image",
      "provider": "provider[\"registry.terraform.io/vk-cs/vkcs\"]",
      "instances": [
        {
          "schema_version": 0,
          "attributes": {
            "checksum": "6d4ade04c95ed136e8c0f2832ee31cd2",
            "container_format": "bare",
            "created_at": "2022-08-15T14:12:15Z",
            "disk_format": "raw",
            "file": "/v2/images/b75595ca-4e1d-47e0-8e95-7a02edc0e242/file",
            "id": "b75595ca-4e1d-47e0-8e95-7a02edc0e242",
            "member_status": null,
            "metadata": {},
            "min_disk_gb": 0,
            "min_ram_mb": 0,
            "most_recent": false,
            "name": "Ubuntu-22.04-202208",
            "owner": "9d013ed7c41e4bf38dd91f899e40185a",
            "properties": null,
            "protected": false,
            "region": "RegionOne",
            "schema": "/v2/schemas/image",
            "size_bytes": 3758096384,
            "size_max": null,
            "size_min": null,
            "tag": null,
            "tags": [],
            "updated_at": "2022-08-16T06:01:24Z",
            "visibility": "public"
          },
          "sensitive_attributes": []
        }
      ]
    },
    {
      "mode": "data",
      "type": "vkcs_networking_network",
      "name": "extnet",
      "provider": "provider[\"registry.terraform.io/vk-cs/vkcs\"]",
      "instances": [
        {
          "schema_version": 0,
          "attributes": {
            "admin_state_up": "true",
            "all_tags": [
              "dm.semenov",
              "rivalsec123qwerty"
            ],
            "description": "",
            "external": true,
            "id": "298117ae-3fa4-4109-9e08-8be5602be5a2",
            "matching_subnet_cidr": null,
            "name": "ext-net",
            "network_id": null,
            "private_dns_domain": "openstacklocal.",
            "region": "RegionOne",
            "sdn": "neutron",
            "shared": "true",
            "status": null,
            "subnets": [
              "01009166-1de2-413d-995c-8c2272f1bc19",
              "0dbaf324-1c17-4c51-ab6f-817a2223a097",
              "13b6afaa-a0da-4ffb-8061-f7b28d318fdf",
              "191efdda-cd5a-4327-987d-1eb1b5b32b4d",
              "1e68063b-96e0-45bc-b010-579e9aabb485",
              "1ea7f321-4ed0-4ae7-a136-a0226b9c5969",
              "2267f99b-83a5-49b6-ba19-e0cbac642583",
              "389a5241-76e3-48b9-89f5-5b0a938cf8b3",
              "41d17c6b-d2cf-4bd2-8784-f8a846656c3b",
              "489f81ad-2a0c-449d-8aed-1876ddbd7840",
              "5a66e4b1-1676-444e-94cf-eb37ac80d464",
              "62a77e13-ccc0-44b7-8cac-0567163a8a3b",
              "7f876978-01fe-43ab-8c77-7e6e32cd28c4",
              "888682e5-abdd-4274-853f-b091115cce84",
              "94640c6b-6298-40d0-8c71-6aab8716d48f",
              "aa2689f9-a208-4bf2-bed0-c20dab001467",
              "b1911f6b-9185-45fd-a0c2-424b0c9155ce",
              "b2298251-6be3-444b-b213-59c66e25346b",
              "b5502dbd-18c7-4f44-857a-5819265bbbdc",
              "be8539d5-eeff-4eaa-8048-9f7c3dbc8804",
              "be9cabcf-c5f8-4e88-9e27-c5ba80f4a638",
              "c4f89da6-529f-4a08-9df1-6b95842a07b9",
              "c6fafdba-deb7-4ad0-83fd-ec893dedfb69",
              "cbd9c937-5339-42df-b0a7-edfb2ccfee59",
              "d10ef821-cba1-476c-bcfd-582632939e80",
              "d5f70b09-6d49-445b-99f1-184d366decf6",
              "ec5d4a62-5039-460c-833f-7084a19794d2"
            ],
            "tags": null,
            "tenant_id": "c9fe9505fdde4de680679748c7cfee7e",
            "vkcs_services_access": false
          },
          "sensitive_attributes": []
        }
      ]
    },
    {
      "mode": "managed",
      "type": "vkcs_compute_instance",
      "name": "Web1",
      "provider": "provider[\"registry.terraform.io/vk-cs/vkcs\"]",
      "instances": [
        {
          "schema_version": 0,
          "attributes": {
            "access_ip_v4": "192.168.199.110",
            "admin_pass": null,
            "all_metadata": {},
            "all_tags": [],
            "availability_zone": "MS1",
            "block_device": [],
            "config_drive": null,
            "flavor_id": "df3c499a-044f-41d2-8612-d303adc613cc",
            "flavor_name": "Basic-1-1-10",
            "force_delete": false,
            "id": "13ddbf9a-96e1-4b2d-b6b5-2525e7f1cb21",
            "image_id": "b75595ca-4e1d-47e0-8e95-7a02edc0e242",
            "image_name": "Ubuntu-22.04-202208",
            "key_pair": "",
            "metadata": null,
            "name": "Web1",
            "network": [
              {
                "access_network": false,
                "fixed_ip_v4": "192.168.199.110",
                "mac": "fa:16:3e:94:97:fa",
                "name": "wsr-network",
                "port": "",
                "uuid": "54ead4f7-175a-4713-983a-16b3cff0cf07"
              }
            ],
            "network_mode": null,
            "personality": [],
            "power_state": "active",
            "region": "RegionOne",
            "scheduler_hints": [],
            "security_groups": [
              "wsr-secgroup"
            ],
            "stop_before_destroy": false,
            "tags": null,
            "timeouts": null,
            "user_data": null,
            "vendor_options": []
          },
          "sensitive_attributes": [],
          "private": "eyJlMmJmYjczMC1lY2FhLTExZTYtOGY4OC0zNDM2M2JjN2M0YzAiOnsiY3JlYXRlIjoxODAwMDAwMDAwMDAwLCJkZWxldGUiOjE4MDAwMDAwMDAwMDAsInVwZGF0ZSI6MTgwMDAwMDAwMDAwMH19",
          "dependencies": [
            "data.vkcs_compute_flavor.compute",
            "data.vkcs_images_image.image",
            "vkcs_networking_network.wsr-network",
            "vkcs_networking_subnet.wsr-lb"
          ]
        }
      ]
    },
    {
      "mode": "managed",
      "type": "vkcs_compute_instance",
      "name": "Web2",
      "provider": "provider[\"registry.terraform.io/vk-cs/vkcs\"]",
      "instances": [
        {
          "schema_version": 0,
          "attributes": {
            "access_ip_v4": "192.168.199.111",
            "admin_pass": null,
            "all_metadata": {},
            "all_tags": [],
            "availability_zone": "GZ1",
            "block_device": [],
            "config_drive": null,
            "flavor_id": "df3c499a-044f-41d2-8612-d303adc613cc",
            "flavor_name": "Basic-1-1-10",
            "force_delete": false,
            "id": "74797ede-7e96-4525-9b30-8f0d47959783",
            "image_id": "b75595ca-4e1d-47e0-8e95-7a02edc0e242",
            "image_name": "Ubuntu-22.04-202208",
            "key_pair": "",
            "metadata": null,
            "name": "Web2",
            "network": [
              {
                "access_network": false,
                "fixed_ip_v4": "192.168.199.111",
                "mac": "fa:16:3e:8e:b5:15",
                "name": "wsr-network",
                "port": "",
                "uuid": "54ead4f7-175a-4713-983a-16b3cff0cf07"
              }
            ],
            "network_mode": null,
            "personality": [],
            "power_state": "active",
            "region": "RegionOne",
            "scheduler_hints": [],
            "security_groups": [
              "wsr-secgroup"
            ],
            "stop_before_destroy": false,
            "tags": null,
            "timeouts": null,
            "user_data": null,
            "vendor_options": []
          },
          "sensitive_attributes": [],
          "private": "eyJlMmJmYjczMC1lY2FhLTExZTYtOGY4OC0zNDM2M2JjN2M0YzAiOnsiY3JlYXRlIjoxODAwMDAwMDAwMDAwLCJkZWxldGUiOjE4MDAwMDAwMDAwMDAsInVwZGF0ZSI6MTgwMDAwMDAwMDAwMH19",
          "dependencies": [
            "data.vkcs_compute_flavor.compute",
            "data.vkcs_images_image.image",
            "vkcs_networking_network.wsr-network",
            "vkcs_networking_subnet.wsr-lb"
          ]
        }
      ]
    },
    {
      "mode": "managed",
      "type": "vkcs_lb_listener",
      "name": "listener",
      "provider": "provider[\"registry.terraform.io/vk-cs/vkcs\"]",
      "instances": [
        {
          "schema_version": 0,
          "attributes": {
            "admin_state_up": true,
            "allowed_cidrs": null,
            "connection_limit": -1,
            "default_pool_id": "",
            "default_tls_container_ref": "",
            "description": "",
            "id": "40dcad95-b08f-4fbf-ab42-737762bf896d",
            "insert_headers": null,
            "loadbalancer_id": "fe5f26af-1069-45cd-a448-9931562375d3",
            "name": "listener",
            "protocol": "HTTP",
            "protocol_port": 80,
            "region": "RegionOne",
            "sni_container_refs": null,
            "timeout_client_data": 50000,
            "timeout_member_connect": 5000,
            "timeout_member_data": 50000,
            "timeout_tcp_inspect": 0,
            "timeouts": null
          },
          "sensitive_attributes": [],
          "private": "eyJlMmJmYjczMC1lY2FhLTExZTYtOGY4OC0zNDM2M2JjN2M0YzAiOnsiY3JlYXRlIjo2MDAwMDAwMDAwMDAsImRlbGV0ZSI6NjAwMDAwMDAwMDAwLCJ1cGRhdGUiOjYwMDAwMDAwMDAwMH19",
          "dependencies": [
            "vkcs_lb_loadbalancer.loadbalancer",
            "vkcs_networking_network.wsr-network",
            "vkcs_networking_subnet.wsr-lb"
          ]
        }
      ]
    },
    {
      "mode": "managed",
      "type": "vkcs_lb_listener",
      "name": "listener2",
      "provider": "provider[\"registry.terraform.io/vk-cs/vkcs\"]",
      "instances": [
        {
          "schema_version": 0,
          "attributes": {
            "admin_state_up": true,
            "allowed_cidrs": null,
            "connection_limit": -1,
            "default_pool_id": "",
            "default_tls_container_ref": "",
            "description": "",
            "id": "5c7f49f4-054e-4446-9310-0d1d6357ca3f",
            "insert_headers": null,
            "loadbalancer_id": "fe5f26af-1069-45cd-a448-9931562375d3",
            "name": "listener2",
            "protocol": "HTTPS",
            "protocol_port": 443,
            "region": "RegionOne",
            "sni_container_refs": null,
            "timeout_client_data": 50000,
            "timeout_member_connect": 5000,
            "timeout_member_data": 50000,
            "timeout_tcp_inspect": 0,
            "timeouts": null
          },
          "sensitive_attributes": [],
          "private": "eyJlMmJmYjczMC1lY2FhLTExZTYtOGY4OC0zNDM2M2JjN2M0YzAiOnsiY3JlYXRlIjo2MDAwMDAwMDAwMDAsImRlbGV0ZSI6NjAwMDAwMDAwMDAwLCJ1cGRhdGUiOjYwMDAwMDAwMDAwMH19",
          "dependencies": [
            "vkcs_lb_loadbalancer.loadbalancer",
            "vkcs_networking_network.wsr-network",
            "vkcs_networking_subnet.wsr-lb"
          ]
        }
      ]
    },
    {
      "mode": "managed",
      "type": "vkcs_lb_loadbalancer",
      "name": "loadbalancer",
      "provider": "provider[\"registry.terraform.io/vk-cs/vkcs\"]",
      "instances": [
        {
          "schema_version": 0,
          "attributes": {
            "admin_state_up": true,
            "availability_zone": "",
            "description": "",
            "id": "fe5f26af-1069-45cd-a448-9931562375d3",
            "name": "loadbalancer",
            "region": "RegionOne",
            "security_group_ids": [
              "dc705d31-da66-4632-bf7f-d154b31a8858"
            ],
            "tags": [
              "tag1"
            ],
            "timeouts": null,
            "vip_address": "192.168.199.8",
            "vip_network_id": "54ead4f7-175a-4713-983a-16b3cff0cf07",
            "vip_port_id": "e619cc7f-3281-43bc-aae0-051b98c6dbfd",
            "vip_subnet_id": "6461cde6-d7d6-486f-8577-2ea6f95e14f5"
          },
          "sensitive_attributes": [],
          "private": "eyJlMmJmYjczMC1lY2FhLTExZTYtOGY4OC0zNDM2M2JjN2M0YzAiOnsiY3JlYXRlIjo2MDAwMDAwMDAwMDAsImRlbGV0ZSI6MzAwMDAwMDAwMDAwLCJ1cGRhdGUiOjYwMDAwMDAwMDAwMH19",
          "dependencies": [
            "vkcs_networking_network.wsr-network",
            "vkcs_networking_subnet.wsr-lb"
          ]
        }
      ]
    },
    {
      "mode": "managed",
      "type": "vkcs_lb_member",
      "name": "member_1",
      "provider": "provider[\"registry.terraform.io/vk-cs/vkcs\"]",
      "instances": [
        {
          "schema_version": 0,
          "attributes": {
            "address": "192.168.199.110",
            "admin_state_up": true,
            "id": "c585a4e1-3b6f-431b-b319-e6db0cddd1e3",
            "name": "",
            "pool_id": "f4a50e40-b350-4b3c-8312-7c26085e96f6",
            "protocol_port": 80,
            "region": "RegionOne",
            "subnet_id": "6461cde6-d7d6-486f-8577-2ea6f95e14f5",
            "timeouts": null,
            "weight": 1
          },
          "sensitive_attributes": [],
          "private": "eyJlMmJmYjczMC1lY2FhLTExZTYtOGY4OC0zNDM2M2JjN2M0YzAiOnsiY3JlYXRlIjo2MDAwMDAwMDAwMDAsImRlbGV0ZSI6NjAwMDAwMDAwMDAwLCJ1cGRhdGUiOjYwMDAwMDAwMDAwMH19",
          "dependencies": [
            "vkcs_lb_listener.listener",
            "vkcs_lb_loadbalancer.loadbalancer",
            "vkcs_lb_pool.pool",
            "vkcs_networking_network.wsr-network",
            "vkcs_networking_subnet.wsr-lb"
          ]
        }
      ]
    },
    {
      "mode": "managed",
      "type": "vkcs_lb_member",
      "name": "member_11",
      "provider": "provider[\"registry.terraform.io/vk-cs/vkcs\"]",
      "instances": [
        {
          "schema_version": 0,
          "attributes": {
            "address": "192.168.199.110",
            "admin_state_up": true,
            "id": "907062eb-206d-49b8-89a2-8009a6838dc7",
            "name": "",
            "pool_id": "88f3060a-0926-4e07-ad03-f513b846ce9a",
            "protocol_port": 80,
            "region": "RegionOne",
            "subnet_id": "6461cde6-d7d6-486f-8577-2ea6f95e14f5",
            "timeouts": null,
            "weight": 1
          },
          "sensitive_attributes": [],
          "private": "eyJlMmJmYjczMC1lY2FhLTExZTYtOGY4OC0zNDM2M2JjN2M0YzAiOnsiY3JlYXRlIjo2MDAwMDAwMDAwMDAsImRlbGV0ZSI6NjAwMDAwMDAwMDAwLCJ1cGRhdGUiOjYwMDAwMDAwMDAwMH19",
          "dependencies": [
            "vkcs_lb_listener.listener2",
            "vkcs_lb_loadbalancer.loadbalancer",
            "vkcs_lb_pool.pool2",
            "vkcs_networking_network.wsr-network",
            "vkcs_networking_subnet.wsr-lb"
          ]
        }
      ]
    },
    {
      "mode": "managed",
      "type": "vkcs_lb_member",
      "name": "member_2",
      "provider": "provider[\"registry.terraform.io/vk-cs/vkcs\"]",
      "instances": [
        {
          "schema_version": 0,
          "attributes": {
            "address": "192.168.199.111",
            "admin_state_up": true,
            "id": "574c7961-c88b-4cb0-902a-62053e288450",
            "name": "",
            "pool_id": "f4a50e40-b350-4b3c-8312-7c26085e96f6",
            "protocol_port": 80,
            "region": "RegionOne",
            "subnet_id": "6461cde6-d7d6-486f-8577-2ea6f95e14f5",
            "timeouts": null,
            "weight": 1
          },
          "sensitive_attributes": [],
          "private": "eyJlMmJmYjczMC1lY2FhLTExZTYtOGY4OC0zNDM2M2JjN2M0YzAiOnsiY3JlYXRlIjo2MDAwMDAwMDAwMDAsImRlbGV0ZSI6NjAwMDAwMDAwMDAwLCJ1cGRhdGUiOjYwMDAwMDAwMDAwMH19",
          "dependencies": [
            "vkcs_lb_listener.listener",
            "vkcs_lb_loadbalancer.loadbalancer",
            "vkcs_lb_pool.pool",
            "vkcs_networking_network.wsr-network",
            "vkcs_networking_subnet.wsr-lb"
          ]
        }
      ]
    },
    {
      "mode": "managed",
      "type": "vkcs_lb_member",
      "name": "member_22",
      "provider": "provider[\"registry.terraform.io/vk-cs/vkcs\"]",
      "instances": [
        {
          "schema_version": 0,
          "attributes": {
            "address": "192.168.199.111",
            "admin_state_up": true,
            "id": "dde3f7d9-c4d1-48c2-9c1f-c386c9690881",
            "name": "",
            "pool_id": "88f3060a-0926-4e07-ad03-f513b846ce9a",
            "protocol_port": 80,
            "region": "RegionOne",
            "subnet_id": "6461cde6-d7d6-486f-8577-2ea6f95e14f5",
            "timeouts": null,
            "weight": 1
          },
          "sensitive_attributes": [],
          "private": "eyJlMmJmYjczMC1lY2FhLTExZTYtOGY4OC0zNDM2M2JjN2M0YzAiOnsiY3JlYXRlIjo2MDAwMDAwMDAwMDAsImRlbGV0ZSI6NjAwMDAwMDAwMDAwLCJ1cGRhdGUiOjYwMDAwMDAwMDAwMH19",
          "dependencies": [
            "vkcs_lb_listener.listener2",
            "vkcs_lb_loadbalancer.loadbalancer",
            "vkcs_lb_pool.pool2",
            "vkcs_networking_network.wsr-network",
            "vkcs_networking_subnet.wsr-lb"
          ]
        }
      ]
    },
    {
      "mode": "managed",
      "type": "vkcs_lb_pool",
      "name": "pool",
      "provider": "provider[\"registry.terraform.io/vk-cs/vkcs\"]",
      "instances": [
        {
          "schema_version": 0,
          "attributes": {
            "admin_state_up": true,
            "description": "",
            "id": "f4a50e40-b350-4b3c-8312-7c26085e96f6",
            "lb_method": "ROUND_ROBIN",
            "listener_id": "40dcad95-b08f-4fbf-ab42-737762bf896d",
            "loadbalancer_id": null,
            "name": "pool",
            "persistence": [
              {
                "cookie_name": "",
                "type": ""
              }
            ],
            "protocol": "HTTP",
            "region": "RegionOne",
            "timeouts": null
          },
          "sensitive_attributes": [],
          "private": "eyJlMmJmYjczMC1lY2FhLTExZTYtOGY4OC0zNDM2M2JjN2M0YzAiOnsiY3JlYXRlIjo2MDAwMDAwMDAwMDAsImRlbGV0ZSI6NjAwMDAwMDAwMDAwLCJ1cGRhdGUiOjYwMDAwMDAwMDAwMH19",
          "dependencies": [
            "vkcs_lb_listener.listener",
            "vkcs_lb_loadbalancer.loadbalancer",
            "vkcs_networking_network.wsr-network",
            "vkcs_networking_subnet.wsr-lb"
          ]
        }
      ]
    },
    {
      "mode": "managed",
      "type": "vkcs_lb_pool",
      "name": "pool2",
      "provider": "provider[\"registry.terraform.io/vk-cs/vkcs\"]",
      "instances": [
        {
          "schema_version": 0,
          "attributes": {
            "admin_state_up": true,
            "description": "",
            "id": "88f3060a-0926-4e07-ad03-f513b846ce9a",
            "lb_method": "ROUND_ROBIN",
            "listener_id": "5c7f49f4-054e-4446-9310-0d1d6357ca3f",
            "loadbalancer_id": null,
            "name": "pool2",
            "persistence": [
              {
                "cookie_name": "",
                "type": ""
              }
            ],
            "protocol": "HTTPS",
            "region": "RegionOne",
            "timeouts": null
          },
          "sensitive_attributes": [],
          "private": "eyJlMmJmYjczMC1lY2FhLTExZTYtOGY4OC0zNDM2M2JjN2M0YzAiOnsiY3JlYXRlIjo2MDAwMDAwMDAwMDAsImRlbGV0ZSI6NjAwMDAwMDAwMDAwLCJ1cGRhdGUiOjYwMDAwMDAwMDAwMH19",
          "dependencies": [
            "vkcs_lb_listener.listener2",
            "vkcs_lb_loadbalancer.loadbalancer",
            "vkcs_networking_network.wsr-network",
            "vkcs_networking_subnet.wsr-lb"
          ]
        }
      ]
    },
    {
      "mode": "managed",
      "type": "vkcs_networking_floatingip",
      "name": "fip",
      "provider": "provider[\"registry.terraform.io/vk-cs/vkcs\"]",
      "instances": [
        {
          "schema_version": 0,
          "attributes": {
            "address": "84.23.54.26",
            "description": "",
            "fixed_ip": "",
            "id": "5d3b5b17-5b8b-4caf-884c-625c3fcd4da4",
            "pool": "ext-net",
            "port_id": "",
            "region": "RegionOne",
            "sdn": "neutron",
            "subnet_id": null,
            "subnet_ids": null,
            "timeouts": null,
            "value_specs": null
          },
          "sensitive_attributes": [],
          "private": "eyJlMmJmYjczMC1lY2FhLTExZTYtOGY4OC0zNDM2M2JjN2M0YzAiOnsiY3JlYXRlIjo2MDAwMDAwMDAwMDAsImRlbGV0ZSI6NjAwMDAwMDAwMDAwfX0=",
          "dependencies": [
            "data.vkcs_networking_network.extnet"
          ]
        }
      ]
    },
    {
      "mode": "managed",
      "type": "vkcs_networking_floatingip_associate",
      "name": "fip",
      "provider": "provider[\"registry.terraform.io/vk-cs/vkcs\"]",
      "instances": [
        {
          "schema_version": 0,
          "attributes": {
            "fixed_ip": "192.168.199.8",
            "floating_ip": "84.23.54.26",
            "id": "5d3b5b17-5b8b-4caf-884c-625c3fcd4da4",
            "port_id": "e619cc7f-3281-43bc-aae0-051b98c6dbfd",
            "region": "RegionOne",
            "sdn": "neutron"
          },
          "sensitive_attributes": [],
          "private": "bnVsbA==",
          "dependencies": [
            "data.vkcs_networking_network.extnet",
            "vkcs_lb_loadbalancer.loadbalancer",
            "vkcs_networking_floatingip.fip",
            "vkcs_networking_network.wsr-network",
            "vkcs_networking_subnet.wsr-lb"
          ]
        }
      ]
    },
    {
      "mode": "managed",
      "type": "vkcs_networking_network",
      "name": "wsr-network",
      "provider": "provider[\"registry.terraform.io/vk-cs/vkcs\"]",
      "instances": [
        {
          "schema_version": 0,
          "attributes": {
            "admin_state_up": true,
            "all_tags": [],
            "description": "",
            "id": "54ead4f7-175a-4713-983a-16b3cff0cf07",
            "name": "wsr-network",
            "port_security_enabled": true,
            "private_dns_domain": "mcs.local.",
            "region": "RegionOne",
            "sdn": "neutron",
            "tags": null,
            "timeouts": null,
            "value_specs": null,
            "vkcs_services_access": false
          },
          "sensitive_attributes": [],
          "private": "eyJlMmJmYjczMC1lY2FhLTExZTYtOGY4OC0zNDM2M2JjN2M0YzAiOnsiY3JlYXRlIjo2MDAwMDAwMDAwMDAsImRlbGV0ZSI6NjAwMDAwMDAwMDAwfX0="
        }
      ]
    },
    {
      "mode": "managed",
      "type": "vkcs_networking_router",
      "name": "router",
      "provider": "provider[\"registry.terraform.io/vk-cs/vkcs\"]",
      "instances": [
        {
          "schema_version": 0,
          "attributes": {
            "admin_state_up": true,
            "all_tags": [],
            "description": "",
            "external_network_id": "298117ae-3fa4-4109-9e08-8be5602be5a2",
            "id": "ee832988-4e0f-4bc8-9c0c-002f3b0db323",
            "name": "router",
            "region": "RegionOne",
            "sdn": "neutron",
            "tags": null,
            "timeouts": null,
            "value_specs": null,
            "vendor_options": []
          },
          "sensitive_attributes": [],
          "private": "eyJlMmJmYjczMC1lY2FhLTExZTYtOGY4OC0zNDM2M2JjN2M0YzAiOnsiY3JlYXRlIjo2MDAwMDAwMDAwMDAsImRlbGV0ZSI6NjAwMDAwMDAwMDAwfX0=",
          "dependencies": [
            "data.vkcs_networking_network.extnet"
          ]
        }
      ]
    },
    {
      "mode": "managed",
      "type": "vkcs_networking_router_interface",
      "name": "wsr-ip",
      "provider": "provider[\"registry.terraform.io/vk-cs/vkcs\"]",
      "instances": [
        {
          "schema_version": 0,
          "attributes": {
            "id": "bcb7bb98-f111-43e1-abb9-fb370d09172f",
            "port_id": "bcb7bb98-f111-43e1-abb9-fb370d09172f",
            "region": "RegionOne",
            "router_id": "ee832988-4e0f-4bc8-9c0c-002f3b0db323",
            "sdn": "neutron",
            "subnet_id": "6461cde6-d7d6-486f-8577-2ea6f95e14f5",
            "timeouts": null
          },
          "sensitive_attributes": [],
          "private": "eyJlMmJmYjczMC1lY2FhLTExZTYtOGY4OC0zNDM2M2JjN2M0YzAiOnsiY3JlYXRlIjo2MDAwMDAwMDAwMDAsImRlbGV0ZSI6NjAwMDAwMDAwMDAwfX0=",
          "dependencies": [
            "data.vkcs_networking_network.extnet",
            "vkcs_networking_network.wsr-network",
            "vkcs_networking_router.router",
            "vkcs_networking_subnet.wsr-lb"
          ]
        }
      ]
    },
    {
      "mode": "managed",
      "type": "vkcs_networking_secgroup",
      "name": "wsr-secgroup",
      "provider": "provider[\"registry.terraform.io/vk-cs/vkcs\"]",
      "instances": [
        {
          "schema_version": 0,
          "attributes": {
            "all_tags": [],
            "delete_default_rules": null,
            "description": "terraform security group",
            "id": "51a82997-9ad4-49ae-ade4-31e17443aefa",
            "name": "wsr-secgroup",
            "region": "RegionOne",
            "sdn": "neutron",
            "tags": null,
            "timeouts": null
          },
          "sensitive_attributes": [],
          "private": "eyJlMmJmYjczMC1lY2FhLTExZTYtOGY4OC0zNDM2M2JjN2M0YzAiOnsiZGVsZXRlIjo2MDAwMDAwMDAwMDB9fQ=="
        }
      ]
    },
    {
      "mode": "managed",
      "type": "vkcs_networking_secgroup_rule",
      "name": "secgroup_rule_1",
      "provider": "provider[\"registry.terraform.io/vk-cs/vkcs\"]",
      "instances": [
        {
          "schema_version": 0,
          "attributes": {
            "description": "secgroup_rule_1",
            "direction": "ingress",
            "ethertype": "IPv4",
            "id": "e09a467a-10ac-446b-b578-daf0429c4645",
            "port_range_max": 22,
            "port_range_min": 22,
            "protocol": "tcp",
            "region": "RegionOne",
            "remote_group_id": "",
            "remote_ip_prefix": "0.0.0.0/0",
            "sdn": "neutron",
            "security_group_id": "51a82997-9ad4-49ae-ade4-31e17443aefa",
            "timeouts": null
          },
          "sensitive_attributes": [],
          "private": "eyJlMmJmYjczMC1lY2FhLTExZTYtOGY4OC0zNDM2M2JjN2M0YzAiOnsiZGVsZXRlIjo2MDAwMDAwMDAwMDB9fQ==",
          "dependencies": [
            "vkcs_networking_secgroup.wsr-secgroup"
          ]
        }
      ]
    },
    {
      "mode": "managed",
      "type": "vkcs_networking_secgroup_rule",
      "name": "secgroup_rule_2",
      "provider": "provider[\"registry.terraform.io/vk-cs/vkcs\"]",
      "instances": [
        {
          "schema_version": 0,
          "attributes": {
            "description": "",
            "direction": "ingress",
            "ethertype": "IPv4",
            "id": "97087a7e-9f54-46cb-b807-a0b40533b3e2",
            "port_range_max": 0,
            "port_range_min": 0,
            "protocol": "icmp",
            "region": "RegionOne",
            "remote_group_id": "",
            "remote_ip_prefix": "",
            "sdn": "neutron",
            "security_group_id": "51a82997-9ad4-49ae-ade4-31e17443aefa",
            "timeouts": null
          },
          "sensitive_attributes": [],
          "private": "eyJlMmJmYjczMC1lY2FhLTExZTYtOGY4OC0zNDM2M2JjN2M0YzAiOnsiZGVsZXRlIjo2MDAwMDAwMDAwMDB9fQ==",
          "dependencies": [
            "vkcs_networking_secgroup.wsr-secgroup"
          ]
        }
      ]
    },
    {
      "mode": "managed",
      "type": "vkcs_networking_subnet",
      "name": "wsr-lb",
      "provider": "provider[\"registry.terraform.io/vk-cs/vkcs\"]",
      "instances": [
        {
          "schema_version": 0,
          "attributes": {
            "all_tags": [],
            "allocation_pool": [
              {
                "end": "192.168.199.254",
                "start": "192.168.199.2"
              }
            ],
            "cidr": "192.168.199.0/24",
            "description": "",
            "dns_nameservers": null,
            "enable_dhcp": true,
            "gateway_ip": "192.168.199.1",
            "id": "6461cde6-d7d6-486f-8577-2ea6f95e14f5",
            "name": "wsr-lb",
            "network_id": "54ead4f7-175a-4713-983a-16b3cff0cf07",
            "no_gateway": false,
            "prefix_length": null,
            "region": "RegionOne",
            "sdn": "neutron",
            "subnetpool_id": "",
            "tags": null,
            "timeouts": null,
            "value_specs": null
          },
          "sensitive_attributes": [],
          "private": "eyJlMmJmYjczMC1lY2FhLTExZTYtOGY4OC0zNDM2M2JjN2M0YzAiOnsiY3JlYXRlIjo2MDAwMDAwMDAwMDAsImRlbGV0ZSI6NjAwMDAwMDAwMDAwfX0=",
          "dependencies": [
            "vkcs_networking_network.wsr-network"
          ]
        }
      ]
    }
  ],
  "check_results": null
}
