{
  "version": 4,
  "terraform_version": "1.5.5",
  "serial": 137,
  "lineage": "ed65ff33-0e30-3f07-e084-ba21f4936c44",
  "outputs": {},
  "resources": [
    {
      "mode": "data",
      "type": "vkcs_compute_flavor",
      "name": "compute",
      "provider": "provider[\"registry.terraform.io/vk-cs/vkcs\"]",
      "instances": [
        {
          "schema_version": 0,
          "attributes": {
            "disk": 10,
            "extra_specs": {
              "agg_common": "true",
              "hw:cpu_sockets": "1",
              "mcs:cpu_type": "standard"
            },
            "flavor_id": "df3c499a-044f-41d2-8612-d303adc613cc",
            "id": "df3c499a-044f-41d2-8612-d303adc613cc",
            "is_public": true,
            "min_disk": null,
            "min_ram": null,
            "name": "Basic-1-1-10",
            "ram": 1024,
            "region": null,
            "rx_tx_factor": 1,
            "swap": 0,
            "vcpus": 1
          },
          "sensitive_attributes": []
        }
      ]
    },
    {
      "mode": "data",
      "type": "vkcs_images_image",
      "name": "image",
      "provider": "provider[\"registry.terraform.io/vk-cs/vkcs\"]",
      "instances": [
        {
          "schema_version": 0,
          "attributes": {
            "checksum": "6d4ade04c95ed136e8c0f2832ee31cd2",
            "container_format": "bare",
            "created_at": "2022-08-15T14:12:15Z",
            "disk_format": "raw",
            "file": "/v2/images/b75595ca-4e1d-47e0-8e95-7a02edc0e242/file",
            "id": "b75595ca-4e1d-47e0-8e95-7a02edc0e242",
            "member_status": null,
            "metadata": {},
            "min_disk_gb": 0,
            "min_ram_mb": 0,
            "most_recent": false,
            "name": "Ubuntu-22.04-202208",
            "owner": "9d013ed7c41e4bf38dd91f899e40185a",
            "properties": null,
            "protected": false,
            "region": "RegionOne",
            "schema": "/v2/schemas/image",
            "size_bytes": 3758096384,
            "size_max": null,
            "size_min": null,
            "tag": null,
            "tags": [],
            "updated_at": "2022-08-16T06:01:24Z",
            "visibility": "public"
          },
          "sensitive_attributes": []
        }
      ]
    },
    {
      "mode": "data",
      "type": "vkcs_networking_network",
      "name": "extnet",
      "provider": "provider[\"registry.terraform.io/vk-cs/vkcs\"]",
      "instances": [
        {
          "schema_version": 0,
          "attributes": {
            "admin_state_up": "true",
            "all_tags": [
              "dm.semenov",
              "rivalsec123qwerty"
            ],
            "description": "",
            "external": true,
            "id": "298117ae-3fa4-4109-9e08-8be5602be5a2",
            "matching_subnet_cidr": null,
            "name": "ext-net",
            "network_id": null,
            "private_dns_domain": "openstacklocal.",
            "region": "RegionOne",
            "sdn": "neutron",
            "shared": "true",
            "status": null,
            "subnets": [
              "01009166-1de2-413d-995c-8c2272f1bc19",
              "0dbaf324-1c17-4c51-ab6f-817a2223a097",
              "13b6afaa-a0da-4ffb-8061-f7b28d318fdf",
              "191efdda-cd5a-4327-987d-1eb1b5b32b4d",
              "1e68063b-96e0-45bc-b010-579e9aabb485",
              "1ea7f321-4ed0-4ae7-a136-a0226b9c5969",
              "2267f99b-83a5-49b6-ba19-e0cbac642583",
              "389a5241-76e3-48b9-89f5-5b0a938cf8b3",
              "41d17c6b-d2cf-4bd2-8784-f8a846656c3b",
              "489f81ad-2a0c-449d-8aed-1876ddbd7840",
              "5a66e4b1-1676-444e-94cf-eb37ac80d464",
              "62a77e13-ccc0-44b7-8cac-0567163a8a3b",
              "7f876978-01fe-43ab-8c77-7e6e32cd28c4",
              "888682e5-abdd-4274-853f-b091115cce84",
              "94640c6b-6298-40d0-8c71-6aab8716d48f",
              "aa2689f9-a208-4bf2-bed0-c20dab001467",
              "b1911f6b-9185-45fd-a0c2-424b0c9155ce",
              "b2298251-6be3-444b-b213-59c66e25346b",
              "b5502dbd-18c7-4f44-857a-5819265bbbdc",
              "be8539d5-eeff-4eaa-8048-9f7c3dbc8804",
              "be9cabcf-c5f8-4e88-9e27-c5ba80f4a638",
              "c4f89da6-529f-4a08-9df1-6b95842a07b9",
              "c6fafdba-deb7-4ad0-83fd-ec893dedfb69",
              "cbd9c937-5339-42df-b0a7-edfb2ccfee59",
              "d10ef821-cba1-476c-bcfd-582632939e80",
              "d5f70b09-6d49-445b-99f1-184d366decf6",
              "ec5d4a62-5039-460c-833f-7084a19794d2"
            ],
            "tags": null,
            "tenant_id": "c9fe9505fdde4de680679748c7cfee7e",
            "vkcs_services_access": false
          },
          "sensitive_attributes": []
        }
      ]
    },
    {
      "mode": "managed",
      "type": "vkcs_compute_floatingip_associate",
      "name": "fip",
      "provider": "provider[\"registry.terraform.io/vk-cs/vkcs\"]",
      "instances": []
    },
    {
      "mode": "managed",
      "type": "vkcs_compute_instance",
      "name": "Web1",
      "provider": "provider[\"registry.terraform.io/vk-cs/vkcs\"]",
      "instances": [
        {
          "schema_version": 0,
          "attributes": {
            "access_ip_v4": "192.168.199.110",
            "admin_pass": null,
            "all_metadata": {},
            "all_tags": [],
            "availability_zone": "MS1",
            "block_device": [],
            "config_drive": null,
            "flavor_id": "df3c499a-044f-41d2-8612-d303adc613cc",
            "flavor_name": "Basic-1-1-10",
            "force_delete": false,
            "id": "dfdb5b44-7cba-40dc-8513-00b57e28e015",
            "image_id": "b75595ca-4e1d-47e0-8e95-7a02edc0e242",
            "image_name": "Ubuntu-22.04-202208",
            "key_pair": "",
            "metadata": null,
            "name": "Web1",
            "network": [
              {
                "access_network": false,
                "fixed_ip_v4": "192.168.199.110",
                "mac": "fa:16:3e:0b:8d:19",
                "name": "wsr-network",
                "port": "",
                "uuid": "8fc929f0-2c93-4b65-8a86-7f0de5711c0f"
              }
            ],
            "network_mode": null,
            "personality": [],
            "power_state": "active",
            "region": "RegionOne",
            "scheduler_hints": [],
            "security_groups": [
              "wsr-secgroup"
            ],
            "stop_before_destroy": false,
            "tags": null,
            "timeouts": null,
            "user_data": null,
            "vendor_options": []
          },
          "sensitive_attributes": [],
          "private": "eyJlMmJmYjczMC1lY2FhLTExZTYtOGY4OC0zNDM2M2JjN2M0YzAiOnsiY3JlYXRlIjoxODAwMDAwMDAwMDAwLCJkZWxldGUiOjE4MDAwMDAwMDAwMDAsInVwZGF0ZSI6MTgwMDAwMDAwMDAwMH19",
          "dependencies": [
            "data.vkcs_compute_flavor.compute",
            "data.vkcs_images_image.image",
            "vkcs_networking_network.wsr-network",
            "vkcs_networking_subnet.wsr-lb"
          ]
        }
      ]
    },
    {
      "mode": "managed",
      "type": "vkcs_compute_instance",
      "name": "Web2",
      "provider": "provider[\"registry.terraform.io/vk-cs/vkcs\"]",
      "instances": [
        {
          "schema_version": 0,
          "attributes": {
            "access_ip_v4": "192.168.199.111",
            "admin_pass": null,
            "all_metadata": {},
            "all_tags": [],
            "availability_zone": "GZ1",
            "block_device": [],
            "config_drive": null,
            "flavor_id": "df3c499a-044f-41d2-8612-d303adc613cc",
            "flavor_name": "Basic-1-1-10",
            "force_delete": false,
            "id": "15d0880a-d776-4d2d-b793-ec69b7c7a064",
            "image_id": "b75595ca-4e1d-47e0-8e95-7a02edc0e242",
            "image_name": "Ubuntu-22.04-202208",
            "key_pair": "",
            "metadata": null,
            "name": "Web2",
            "network": [
              {
                "access_network": false,
                "fixed_ip_v4": "192.168.199.111",
                "mac": "fa:16:3e:9d:ed:af",
                "name": "wsr-network",
                "port": "",
                "uuid": "8fc929f0-2c93-4b65-8a86-7f0de5711c0f"
              }
            ],
            "network_mode": null,
            "personality": [],
            "power_state": "active",
            "region": "RegionOne",
            "scheduler_hints": [],
            "security_groups": [
              "wsr-secgroup"
            ],
            "stop_before_destroy": false,
            "tags": null,
            "timeouts": null,
            "user_data": null,
            "vendor_options": []
          },
          "sensitive_attributes": [],
          "private": "eyJlMmJmYjczMC1lY2FhLTExZTYtOGY4OC0zNDM2M2JjN2M0YzAiOnsiY3JlYXRlIjoxODAwMDAwMDAwMDAwLCJkZWxldGUiOjE4MDAwMDAwMDAwMDAsInVwZGF0ZSI6MTgwMDAwMDAwMDAwMH19",
          "dependencies": [
            "data.vkcs_compute_flavor.compute",
            "data.vkcs_images_image.image",
            "vkcs_networking_network.wsr-network",
            "vkcs_networking_subnet.wsr-lb"
          ]
        }
      ]
    },
    {
      "mode": "managed",
      "type": "vkcs_lb_listener",
      "name": "listener",
      "provider": "provider[\"registry.terraform.io/vk-cs/vkcs\"]",
      "instances": []
    },
    {
      "mode": "managed",
      "type": "vkcs_lb_listener",
      "name": "listener2",
      "provider": "provider[\"registry.terraform.io/vk-cs/vkcs\"]",
      "instances": []
    },
    {
      "mode": "managed",
      "type": "vkcs_lb_member",
      "name": "member_1",
      "provider": "provider[\"registry.terraform.io/vk-cs/vkcs\"]",
      "instances": []
    },
    {
      "mode": "managed",
      "type": "vkcs_lb_member",
      "name": "member_11",
      "provider": "provider[\"registry.terraform.io/vk-cs/vkcs\"]",
      "instances": []
    },
    {
      "mode": "managed",
      "type": "vkcs_lb_member",
      "name": "member_2",
      "provider": "provider[\"registry.terraform.io/vk-cs/vkcs\"]",
      "instances": []
    },
    {
      "mode": "managed",
      "type": "vkcs_lb_member",
      "name": "member_22",
      "provider": "provider[\"registry.terraform.io/vk-cs/vkcs\"]",
      "instances": []
    },
    {
      "mode": "managed",
      "type": "vkcs_lb_pool",
      "name": "pool",
      "provider": "provider[\"registry.terraform.io/vk-cs/vkcs\"]",
      "instances": []
    },
    {
      "mode": "managed",
      "type": "vkcs_lb_pool",
      "name": "pool2",
      "provider": "provider[\"registry.terraform.io/vk-cs/vkcs\"]",
      "instances": []
    },
    {
      "mode": "managed",
      "type": "vkcs_networking_floatingip",
      "name": "fip",
      "provider": "provider[\"registry.terraform.io/vk-cs/vkcs\"]",
      "instances": [
        {
          "schema_version": 0,
          "attributes": {
            "address": "84.23.53.219",
            "description": "",
            "fixed_ip": "",
            "id": "211e0aad-db45-4ac4-8c82-f26e007f017f",
            "pool": "ext-net",
            "port_id": "",
            "region": "RegionOne",
            "sdn": "neutron",
            "subnet_id": null,
            "subnet_ids": null,
            "timeouts": null,
            "value_specs": null
          },
          "sensitive_attributes": [],
          "private": "eyJlMmJmYjczMC1lY2FhLTExZTYtOGY4OC0zNDM2M2JjN2M0YzAiOnsiY3JlYXRlIjo2MDAwMDAwMDAwMDAsImRlbGV0ZSI6NjAwMDAwMDAwMDAwfX0=",
          "dependencies": [
            "data.vkcs_networking_network.extnet"
          ]
        }
      ]
    },
    {
      "mode": "managed",
      "type": "vkcs_networking_network",
      "name": "wsr-network",
      "provider": "provider[\"registry.terraform.io/vk-cs/vkcs\"]",
      "instances": [
        {
          "schema_version": 0,
          "attributes": {
            "admin_state_up": true,
            "all_tags": [],
            "description": "",
            "id": "8fc929f0-2c93-4b65-8a86-7f0de5711c0f",
            "name": "wsr-network",
            "port_security_enabled": true,
            "private_dns_domain": "mcs.local.",
            "region": "RegionOne",
            "sdn": "neutron",
            "tags": null,
            "timeouts": null,
            "value_specs": null,
            "vkcs_services_access": false
          },
          "sensitive_attributes": [],
          "private": "eyJlMmJmYjczMC1lY2FhLTExZTYtOGY4OC0zNDM2M2JjN2M0YzAiOnsiY3JlYXRlIjo2MDAwMDAwMDAwMDAsImRlbGV0ZSI6NjAwMDAwMDAwMDAwfX0="
        }
      ]
    },
    {
      "mode": "managed",
      "type": "vkcs_networking_router",
      "name": "router",
      "provider": "provider[\"registry.terraform.io/vk-cs/vkcs\"]",
      "instances": [
        {
          "schema_version": 0,
          "attributes": {
            "admin_state_up": true,
            "all_tags": [],
            "description": "",
            "external_network_id": "298117ae-3fa4-4109-9e08-8be5602be5a2",
            "id": "d90c7271-fe56-468e-9672-2840ad04fb02",
            "name": "router",
            "region": "RegionOne",
            "sdn": "neutron",
            "tags": null,
            "timeouts": null,
            "value_specs": null,
            "vendor_options": []
          },
          "sensitive_attributes": [],
          "private": "eyJlMmJmYjczMC1lY2FhLTExZTYtOGY4OC0zNDM2M2JjN2M0YzAiOnsiY3JlYXRlIjo2MDAwMDAwMDAwMDAsImRlbGV0ZSI6NjAwMDAwMDAwMDAwfX0=",
          "dependencies": [
            "data.vkcs_networking_network.extnet"
          ]
        }
      ]
    },
    {
      "mode": "managed",
      "type": "vkcs_networking_router_interface",
      "name": "wsr-ip",
      "provider": "provider[\"registry.terraform.io/vk-cs/vkcs\"]",
      "instances": [
        {
          "schema_version": 0,
          "attributes": {
            "id": "be60d6f9-ce52-46d5-942c-61af6d22b607",
            "port_id": "be60d6f9-ce52-46d5-942c-61af6d22b607",
            "region": "RegionOne",
            "router_id": "d90c7271-fe56-468e-9672-2840ad04fb02",
            "sdn": "neutron",
            "subnet_id": "e74c37c6-5116-43fa-96bc-31884556d164",
            "timeouts": null
          },
          "sensitive_attributes": [],
          "private": "eyJlMmJmYjczMC1lY2FhLTExZTYtOGY4OC0zNDM2M2JjN2M0YzAiOnsiY3JlYXRlIjo2MDAwMDAwMDAwMDAsImRlbGV0ZSI6NjAwMDAwMDAwMDAwfX0=",
          "dependencies": [
            "data.vkcs_networking_network.extnet",
            "vkcs_networking_network.wsr-network",
            "vkcs_networking_router.router",
            "vkcs_networking_subnet.wsr-lb"
          ]
        }
      ]
    },
    {
      "mode": "managed",
      "type": "vkcs_networking_secgroup",
      "name": "wsr-secgroup",
      "provider": "provider[\"registry.terraform.io/vk-cs/vkcs\"]",
      "instances": [
        {
          "schema_version": 0,
          "attributes": {
            "all_tags": [],
            "delete_default_rules": null,
            "description": "terraform security group",
            "id": "289ec4a2-2026-426f-a33d-454b9374ce0c",
            "name": "wsr-secgroup",
            "region": "RegionOne",
            "sdn": "neutron",
            "tags": null,
            "timeouts": null
          },
          "sensitive_attributes": [],
          "private": "eyJlMmJmYjczMC1lY2FhLTExZTYtOGY4OC0zNDM2M2JjN2M0YzAiOnsiZGVsZXRlIjo2MDAwMDAwMDAwMDB9fQ=="
        }
      ]
    },
    {
      "mode": "managed",
      "type": "vkcs_networking_secgroup_rule",
      "name": "secgroup_rule_1",
      "provider": "provider[\"registry.terraform.io/vk-cs/vkcs\"]",
      "instances": [
        {
          "schema_version": 0,
          "attributes": {
            "description": "secgroup_rule_1",
            "direction": "ingress",
            "ethertype": "IPv4",
            "id": "c4dea885-1ab1-4f95-af53-14c91d8fed41",
            "port_range_max": 22,
            "port_range_min": 22,
            "protocol": "tcp",
            "region": "RegionOne",
            "remote_group_id": "",
            "remote_ip_prefix": "0.0.0.0/0",
            "sdn": "neutron",
            "security_group_id": "289ec4a2-2026-426f-a33d-454b9374ce0c",
            "timeouts": null
          },
          "sensitive_attributes": [],
          "private": "eyJlMmJmYjczMC1lY2FhLTExZTYtOGY4OC0zNDM2M2JjN2M0YzAiOnsiZGVsZXRlIjo2MDAwMDAwMDAwMDB9fQ==",
          "dependencies": [
            "vkcs_networking_secgroup.wsr-secgroup"
          ]
        }
      ]
    },
    {
      "mode": "managed",
      "type": "vkcs_networking_secgroup_rule",
      "name": "secgroup_rule_2",
      "provider": "provider[\"registry.terraform.io/vk-cs/vkcs\"]",
      "instances": [
        {
          "schema_version": 0,
          "attributes": {
            "description": "",
            "direction": "ingress",
            "ethertype": "IPv4",
            "id": "0c4cdd9e-921e-49ce-bf93-180347c4e7f2",
            "port_range_max": 0,
            "port_range_min": 0,
            "protocol": "icmp",
            "region": "RegionOne",
            "remote_group_id": "",
            "remote_ip_prefix": "",
            "sdn": "neutron",
            "security_group_id": "289ec4a2-2026-426f-a33d-454b9374ce0c",
            "timeouts": null
          },
          "sensitive_attributes": [],
          "private": "eyJlMmJmYjczMC1lY2FhLTExZTYtOGY4OC0zNDM2M2JjN2M0YzAiOnsiZGVsZXRlIjo2MDAwMDAwMDAwMDB9fQ==",
          "dependencies": [
            "vkcs_networking_secgroup.wsr-secgroup"
          ]
        }
      ]
    },
    {
      "mode": "managed",
      "type": "vkcs_networking_subnet",
      "name": "wsr-lb",
      "provider": "provider[\"registry.terraform.io/vk-cs/vkcs\"]",
      "instances": [
        {
          "schema_version": 0,
          "attributes": {
            "all_tags": [],
            "allocation_pool": [
              {
                "end": "192.168.199.254",
                "start": "192.168.199.2"
              }
            ],
            "cidr": "192.168.199.0/24",
            "description": "",
            "dns_nameservers": null,
            "enable_dhcp": true,
            "gateway_ip": "192.168.199.1",
            "id": "e74c37c6-5116-43fa-96bc-31884556d164",
            "name": "wsr-lb",
            "network_id": "8fc929f0-2c93-4b65-8a86-7f0de5711c0f",
            "no_gateway": false,
            "prefix_length": null,
            "region": "RegionOne",
            "sdn": "neutron",
            "subnetpool_id": "",
            "tags": null,
            "timeouts": null,
            "value_specs": null
          },
          "sensitive_attributes": [],
          "private": "eyJlMmJmYjczMC1lY2FhLTExZTYtOGY4OC0zNDM2M2JjN2M0YzAiOnsiY3JlYXRlIjo2MDAwMDAwMDAwMDAsImRlbGV0ZSI6NjAwMDAwMDAwMDAwfX0=",
          "dependencies": [
            "vkcs_networking_network.wsr-network"
          ]
        }
      ]
    }
  ],
  "check_results": null
}
